// !$*UTF8*$!
{
	archiveVersion = 1;
	classes = {
	};
	objectVersion = 56;
	objects = {

/* Begin PBXBuildFile section */
		67CD8D5F2BD7E83E0088BF6D /* PruebaApp.swift in Sources */ = {isa = PBXBuildFile; fileRef = 67CD8D5E2BD7E83E0088BF6D /* PruebaApp.swift */; };
		67CD8D612BD7E83E0088BF6D /* ContentView.swift in Sources */ = {isa = PBXBuildFile; fileRef = 67CD8D602BD7E83E0088BF6D /* ContentView.swift */; };
		67CD8D632BD7E8400088BF6D /* Assets.xcassets in Resources */ = {isa = PBXBuildFile; fileRef = 67CD8D622BD7E8400088BF6D /* Assets.xcassets */; };
		67CD8D662BD7E8400088BF6D /* Preview Assets.xcassets in Resources */ = {isa = PBXBuildFile; fileRef = 67CD8D652BD7E8400088BF6D /* Preview Assets.xcassets */; };
		67CD8D702BD7E8400088BF6D /* PruebaTests.swift in Sources */ = {isa = PBXBuildFile; fileRef = 67CD8D6F2BD7E8400088BF6D /* PruebaTests.swift */; };
		67CD8D7A2BD7E8400088BF6D /* PruebaUITests.swift in Sources */ = {isa = PBXBuildFile; fileRef = 67CD8D792BD7E8400088BF6D /* PruebaUITests.swift */; };
		67CD8D7C2BD7E8400088BF6D /* PruebaUITestsLaunchTests.swift in Sources */ = {isa = PBXBuildFile; fileRef = 67CD8D7B2BD7E8400088BF6D /* PruebaUITestsLaunchTests.swift */; };
/* End PBXBuildFile section */

/* Begin PBXContainerItemProxy section */
		67CD8D6C2BD7E8400088BF6D /* PBXContainerItemProxy */ = {
			isa = PBXContainerItemProxy;
			containerPortal = 67CD8D532BD7E83E0088BF6D /* Project object */;
			proxyType = 1;
			remoteGlobalIDString = 67CD8D5A2BD7E83E0088BF6D;
			remoteInfo = Prueba;
		};
		67CD8D762BD7E8400088BF6D /* PBXContainerItemProxy */ = {
			isa = PBXContainerItemProxy;
			containerPortal = 67CD8D532BD7E83E0088BF6D /* Project object */;
			proxyType = 1;
			remoteGlobalIDString = 67CD8D5A2BD7E83E0088BF6D;
			remoteInfo = Prueba;
		};
/* End PBXContainerItemProxy section */

/* Begin PBXFileReference section */
		67CD8D5B2BD7E83E0088BF6D /* Prueba.app */ = {isa = PBXFileReference; explicitFileType = wrapper.application; includeInIndex = 0; path = Prueba.app; sourceTree = BUILT_PRODUCTS_DIR; };
		67CD8D5E2BD7E83E0088BF6D /* PruebaApp.swift */ = {isa = PBXFileReference; lastKnownFileType = sourcecode.swift; path = PruebaApp.swift; sourceTree = "<group>"; };
		67CD8D602BD7E83E0088BF6D /* ContentView.swift */ = {isa = PBXFileReference; lastKnownFileType = sourcecode.swift; path = ContentView.swift; sourceTree = "<group>"; };
		67CD8D622BD7E8400088BF6D /* Assets.xcassets */ = {isa = PBXFileReference; lastKnownFileType = folder.assetcatalog; path = Assets.xcassets; sourceTree = "<group>"; };
		67CD8D652BD7E8400088BF6D /* Preview Assets.xcassets */ = {isa = PBXFileReference; lastKnownFileType = folder.assetcatalog; path = "Preview Assets.xcassets"; sourceTree = "<group>"; };
		67CD8D6B2BD7E8400088BF6D /* PruebaTests.xctest */ = {isa = PBXFileReference; explicitFileType = wrapper.cfbundle; includeInIndex = 0; path = PruebaTests.xctest; sourceTree = BUILT_PRODUCTS_DIR; };
		67CD8D6F2BD7E8400088BF6D /* PruebaTests.swift */ = {isa = PBXFileReference; lastKnownFileType = sourcecode.swift; path = PruebaTests.swift; sourceTree = "<group>"; };
		67CD8D752BD7E8400088BF6D /* PruebaUITests.xctest */ = {isa = PBXFileReference; explicitFileType = wrapper.cfbundle; includeInIndex = 0; path = PruebaUITests.xctest; sourceTree = BUILT_PRODUCTS_DIR; };
		67CD8D792BD7E8400088BF6D /* PruebaUITests.swift */ = {isa = PBXFileReference; lastKnownFileType = sourcecode.swift; path = PruebaUITests.swift; sourceTree = "<group>"; };
		67CD8D7B2BD7E8400088BF6D /* PruebaUITestsLaunchTests.swift */ = {isa = PBXFileReference; lastKnownFileType = sourcecode.swift; path = PruebaUITestsLaunchTests.swift; sourceTree = "<group>"; };
/* End PBXFileReference section */

/* Begin PBXFrameworksBuildPhase section */
		67CD8D582BD7E83E0088BF6D /* Frameworks */ = {
			isa = PBXFrameworksBuildPhase;
			buildActionMask = 2147483647;
			files = (
			);
			runOnlyForDeploymentPostprocessing = 0;
		};
		67CD8D682BD7E8400088BF6D /* Frameworks */ = {
			isa = PBXFrameworksBuildPhase;
			buildActionMask = 2147483647;
			files = (
			);
			runOnlyForDeploymentPostprocessing = 0;
		};
		67CD8D722BD7E8400088BF6D /* Frameworks */ = {
			isa = PBXFrameworksBuildPhase;
			buildActionMask = 2147483647;
			files = (
			);
			runOnlyForDeploymentPostprocessing = 0;
		};
/* End PBXFrameworksBuildPhase section */

/* Begin PBXGroup section */
		67CD8D522BD7E83E0088BF6D = {
			isa = PBXGroup;
			children = (
				67CD8D5D2BD7E83E0088BF6D /* Prueba */,
				67CD8D6E2BD7E8400088BF6D /* PruebaTests */,
				67CD8D782BD7E8400088BF6D /* PruebaUITests */,
				67CD8D5C2BD7E83E0088BF6D /* Products */,
			);
			sourceTree = "<group>";
		};
		67CD8D5C2BD7E83E0088BF6D /* Products */ = {
			isa = PBXGroup;
			children = (
				67CD8D5B2BD7E83E0088BF6D /* Prueba.app */,
				67CD8D6B2BD7E8400088BF6D /* PruebaTests.xctest */,
				67CD8D752BD7E8400088BF6D /* PruebaUITests.xctest */,
			);
			name = Products;
			sourceTree = "<group>";
		};
		67CD8D5D2BD7E83E0088BF6D /* Prueba */ = {
			isa = PBXGroup;
			children = (
				67CD8D5E2BD7E83E0088BF6D /* PruebaApp.swift */,
				67CD8D602BD7E83E0088BF6D /* ContentView.swift */,
				67CD8D622BD7E8400088BF6D /* Assets.xcassets */,
				67CD8D642BD7E8400088BF6D /* Preview Content */,
			);
			path = Prueba;
			sourceTree = "<group>";
		};
		67CD8D642BD7E8400088BF6D /* Preview Content */ = {
			isa = PBXGroup;
			children = (
				67CD8D652BD7E8400088BF6D /* Preview Assets.xcassets */,
			);
			path = "Preview Content";
			sourceTree = "<group>";
		};
		67CD8D6E2BD7E8400088BF6D /* PruebaTests */ = {
			isa = PBXGroup;
			children = (
				67CD8D6F2BD7E8400088BF6D /* PruebaTests.swift */,
			);
			path = PruebaTests;
			sourceTree = "<group>";
		};
		67CD8D782BD7E8400088BF6D /* PruebaUITests */ = {
			isa = PBXGroup;
			children = (
				67CD8D792BD7E8400088BF6D /* PruebaUITests.swift */,
				67CD8D7B2BD7E8400088BF6D /* PruebaUITestsLaunchTests.swift */,
			);
			path = PruebaUITests;
			sourceTree = "<group>";
		};
/* End PBXGroup section */

/* Begin PBXNativeTarget section */
		67CD8D5A2BD7E83E0088BF6D /* Prueba */ = {
			isa = PBXNativeTarget;
			buildConfigurationList = 67CD8D7F2BD7E8400088BF6D /* Build configuration list for PBXNativeTarget "Prueba" */;
			buildPhases = (
				67CD8D572BD7E83E0088BF6D /* Sources */,
				67CD8D582BD7E83E0088BF6D /* Frameworks */,
				67CD8D592BD7E83E0088BF6D /* Resources */,
			);
			buildRules = (
			);
			dependencies = (
			);
			name = Prueba;
			productName = Prueba;
			productReference = 67CD8D5B2BD7E83E0088BF6D /* Prueba.app */;
			productType = "com.apple.product-type.application";
		};
		67CD8D6A2BD7E8400088BF6D /* PruebaTests */ = {
			isa = PBXNativeTarget;
			buildConfigurationList = 67CD8D822BD7E8400088BF6D /* Build configuration list for PBXNativeTarget "PruebaTests" */;
			buildPhases = (
				67CD8D672BD7E8400088BF6D /* Sources */,
				67CD8D682BD7E8400088BF6D /* Frameworks */,
				67CD8D692BD7E8400088BF6D /* Resources */,
			);
			buildRules = (
			);
			dependencies = (
				67CD8D6D2BD7E8400088BF6D /* PBXTargetDependency */,
			);
			name = PruebaTests;
			productName = PruebaTests;
			productReference = 67CD8D6B2BD7E8400088BF6D /* PruebaTests.xctest */;
			productType = "com.apple.product-type.bundle.unit-test";
		};
		67CD8D742BD7E8400088BF6D /* PruebaUITests */ = {
			isa = PBXNativeTarget;
			buildConfigurationList = 67CD8D852BD7E8400088BF6D /* Build configuration list for PBXNativeTarget "PruebaUITests" */;
			buildPhases = (
				67CD8D712BD7E8400088BF6D /* Sources */,
				67CD8D722BD7E8400088BF6D /* Frameworks */,
				67CD8D732BD7E8400088BF6D /* Resources */,
			);
			buildRules = (
			);
			dependencies = (
				67CD8D772BD7E8400088BF6D /* PBXTargetDependency */,
			);
			name = PruebaUITests;
			productName = PruebaUITests;
			productReference = 67CD8D752BD7E8400088BF6D /* PruebaUITests.xctest */;
			productType = "com.apple.product-type.bundle.ui-testing";
		};
/* End PBXNativeTarget section */

/* Begin PBXProject section */
		67CD8D532BD7E83E0088BF6D /* Project object */ = {
			isa = PBXProject;
			attributes = {
				BuildIndependentTargetsInParallel = 1;
				LastSwiftUpdateCheck = 1520;
				LastUpgradeCheck = 1520;
				TargetAttributes = {
					67CD8D5A2BD7E83E0088BF6D = {
						CreatedOnToolsVersion = 15.2;
					};
					67CD8D6A2BD7E8400088BF6D = {
						CreatedOnToolsVersion = 15.2;
						TestTargetID = 67CD8D5A2BD7E83E0088BF6D;
					};
					67CD8D742BD7E8400088BF6D = {
						CreatedOnToolsVersion = 15.2;
						TestTargetID = 67CD8D5A2BD7E83E0088BF6D;
					};
				};
			};
			buildConfigurationList = 67CD8D562BD7E83E0088BF6D /* Build configuration list for PBXProject "Prueba" */;
			compatibilityVersion = "Xcode 14.0";
			developmentRegion = en;
			hasScannedForEncodings = 0;
			knownRegions = (
				en,
				Base,
			);
			mainGroup = 67CD8D522BD7E83E0088BF6D;
			productRefGroup = 67CD8D5C2BD7E83E0088BF6D /* Products */;
			projectDirPath = "";
			projectRoot = "";
			targets = (
				67CD8D5A2BD7E83E0088BF6D /* Prueba */,
				67CD8D6A2BD7E8400088BF6D /* PruebaTests */,
				67CD8D742BD7E8400088BF6D /* PruebaUITests */,
			);
		};
/* End PBXProject section */

/* Begin PBXResourcesBuildPhase section */
		67CD8D592BD7E83E0088BF6D /* Resources */ = {
			isa = PBXResourcesBuildPhase;
			buildActionMask = 2147483647;
			files = (
				67CD8D662BD7E8400088BF6D /* Preview Assets.xcassets in Resources */,
				67CD8D632BD7E8400088BF6D /* Assets.xcassets in Resources */,
			);
			runOnlyForDeploymentPostprocessing = 0;
		};
		67CD8D692BD7E8400088BF6D /* Resources */ = {
			isa = PBXResourcesBuildPhase;
			buildActionMask = 2147483647;
			files = (
			);
			runOnlyForDeploymentPostprocessing = 0;
		};
		67CD8D732BD7E8400088BF6D /* Resources */ = {
			isa = PBXResourcesBuildPhase;
			buildActionMask = 2147483647;
			files = (
			);
			runOnlyForDeploymentPostprocessing = 0;
		};
/* End PBXResourcesBuildPhase section */

/* Begin PBXSourcesBuildPhase section */
		67CD8D572BD7E83E0088BF6D /* Sources */ = {
			isa = PBXSourcesBuildPhase;
			buildActionMask = 2147483647;
			files = (
				67CD8D612BD7E83E0088BF6D /* ContentView.swift in Sources */,
				67CD8D5F2BD7E83E0088BF6D /* PruebaApp.swift in Sources */,
			);
			runOnlyForDeploymentPostprocessing = 0;
		};
		67CD8D672BD7E8400088BF6D /* Sources */ = {
			isa = PBXSourcesBuildPhase;
			buildActionMask = 2147483647;
			files = (
				67CD8D702BD7E8400088BF6D /* PruebaTests.swift in Sources */,
			);
			runOnlyForDeploymentPostprocessing = 0;
		};
		67CD8D712BD7E8400088BF6D /* Sources */ = {
			isa = PBXSourcesBuildPhase;
			buildActionMask = 2147483647;
			files = (
				67CD8D7A2BD7E8400088BF6D /* PruebaUITests.swift in Sources */,
				67CD8D7C2BD7E8400088BF6D /* PruebaUITestsLaunchTests.swift in Sources */,
			);
			runOnlyForDeploymentPostprocessing = 0;
		};
/* End PBXSourcesBuildPhase section */

/* Begin PBXTargetDependency section */
		67CD8D6D2BD7E8400088BF6D /* PBXTargetDependency */ = {
			isa = PBXTargetDependency;
			target = 67CD8D5A2BD7E83E0088BF6D /* Prueba */;
			targetProxy = 67CD8D6C2BD7E8400088BF6D /* PBXContainerItemProxy */;
		};
		67CD8D772BD7E8400088BF6D /* PBXTargetDependency */ = {
			isa = PBXTargetDependency;
			target = 67CD8D5A2BD7E83E0088BF6D /* Prueba */;
			targetProxy = 67CD8D762BD7E8400088BF6D /* PBXContainerItemProxy */;
		};
/* End PBXTargetDependency section */

/* Begin XCBuildConfiguration section */
		67CD8D7D2BD7E8400088BF6D /* Debug */ = {
			isa = XCBuildConfiguration;
			buildSettings = {
				ALWAYS_SEARCH_USER_PATHS = NO;
				ASSETCATALOG_COMPILER_GENERATE_SWIFT_ASSET_SYMBOL_EXTENSIONS = YES;
				CLANG_ANALYZER_NONNULL = YES;
				CLANG_ANALYZER_NUMBER_OBJECT_CONVERSION = YES_AGGRESSIVE;
				CLANG_CXX_LANGUAGE_STANDARD = "gnu++20";
				CLANG_ENABLE_MODULES = YES;
				CLANG_ENABLE_OBJC_ARC = YES;
				CLANG_ENABLE_OBJC_WEAK = YES;
				CLANG_WARN_BLOCK_CAPTURE_AUTORELEASING = YES;
				CLANG_WARN_BOOL_CONVERSION = YES;
				CLANG_WARN_COMMA = YES;
				CLANG_WARN_CONSTANT_CONVERSION = YES;
				CLANG_WARN_DEPRECATED_OBJC_IMPLEMENTATIONS = YES;
				CLANG_WARN_DIRECT_OBJC_ISA_USAGE = YES_ERROR;
				CLANG_WARN_DOCUMENTATION_COMMENTS = YES;
				CLANG_WARN_EMPTY_BODY = YES;
				CLANG_WARN_ENUM_CONVERSION = YES;
				CLANG_WARN_INFINITE_RECURSION = YES;
				CLANG_WARN_INT_CONVERSION = YES;
				CLANG_WARN_NON_LITERAL_NULL_CONVERSION = YES;
				CLANG_WARN_OBJC_IMPLICIT_RETAIN_SELF = YES;
				CLANG_WARN_OBJC_LITERAL_CONVERSION = YES;
				CLANG_WARN_OBJC_ROOT_CLASS = YES_ERROR;
				CLANG_WARN_QUOTED_INCLUDE_IN_FRAMEWORK_HEADER = YES;
				CLANG_WARN_RANGE_LOOP_ANALYSIS = YES;
				CLANG_WARN_STRICT_PROTOTYPES = YES;
				CLANG_WARN_SUSPICIOUS_MOVE = YES;
				CLANG_WARN_UNGUARDED_AVAILABILITY = YES_AGGRESSIVE;
				CLANG_WARN_UNREACHABLE_CODE = YES;
				CLANG_WARN__DUPLICATE_METHOD_MATCH = YES;
				COPY_PHASE_STRIP = NO;
				DEBUG_INFORMATION_FORMAT = dwarf;
				ENABLE_STRICT_OBJC_MSGSEND = YES;
				ENABLE_TESTABILITY = YES;
				ENABLE_USER_SCRIPT_SANDBOXING = YES;
				GCC_C_LANGUAGE_STANDARD = gnu17;
				GCC_DYNAMIC_NO_PIC = NO;
				GCC_NO_COMMON_BLOCKS = YES;
				GCC_OPTIMIZATION_LEVEL = 0;
				GCC_PREPROCESSOR_DEFINITIONS = (
					"DEBUG=1",
					"$(inherited)",
				);
				GCC_WARN_64_TO_32_BIT_CONVERSION = YES;
				GCC_WARN_ABOUT_RETURN_TYPE = YES_ERROR;
				GCC_WARN_UNDECLARED_SELECTOR = YES;
				GCC_WARN_UNINITIALIZED_AUTOS = YES_AGGRESSIVE;
				GCC_WARN_UNUSED_FUNCTION = YES;
				GCC_WARN_UNUSED_VARIABLE = YES;
				IPHONEOS_DEPLOYMENT_TARGET = 17.2;
				LOCALIZATION_PREFERS_STRING_CATALOGS = YES;
				MTL_ENABLE_DEBUG_INFO = INCLUDE_SOURCE;
				MTL_FAST_MATH = YES;
				ONLY_ACTIVE_ARCH = YES;
				SDKROOT = iphoneos;
				SWIFT_ACTIVE_COMPILATION_CONDITIONS = "DEBUG $(inherited)";
				SWIFT_OPTIMIZATION_LEVEL = "-Onone";
			};
			name = Debug;
		};
		67CD8D7E2BD7E8400088BF6D /* Release */ = {
			isa = XCBuildConfiguration;
			buildSettings = {
				ALWAYS_SEARCH_USER_PATHS = NO;
				ASSETCATALOG_COMPILER_GENERATE_SWIFT_ASSET_SYMBOL_EXTENSIONS = YES;
				CLANG_ANALYZER_NONNULL = YES;
				CLANG_ANALYZER_NUMBER_OBJECT_CONVERSION = YES_AGGRESSIVE;
				CLANG_CXX_LANGUAGE_STANDARD = "gnu++20";
				CLANG_ENABLE_MODULES = YES;
				CLANG_ENABLE_OBJC_ARC = YES;
				CLANG_ENABLE_OBJC_WEAK = YES;
				CLANG_WARN_BLOCK_CAPTURE_AUTORELEASING = YES;
				CLANG_WARN_BOOL_CONVERSION = YES;
				CLANG_WARN_COMMA = YES;
				CLANG_WARN_CONSTANT_CONVERSION = YES;
				CLANG_WARN_DEPRECATED_OBJC_IMPLEMENTATIONS = YES;
				CLANG_WARN_DIRECT_OBJC_ISA_USAGE = YES_ERROR;
				CLANG_WARN_DOCUMENTATION_COMMENTS = YES;
				CLANG_WARN_EMPTY_BODY = YES;
				CLANG_WARN_ENUM_CONVERSION = YES;
				CLANG_WARN_INFINITE_RECURSION = YES;
				CLANG_WARN_INT_CONVERSION = YES;
				CLANG_WARN_NON_LITERAL_NULL_CONVERSION = YES;
				CLANG_WARN_OBJC_IMPLICIT_RETAIN_SELF = YES;
				CLANG_WARN_OBJC_LITERAL_CONVERSION = YES;
				CLANG_WARN_OBJC_ROOT_CLASS = YES_ERROR;
				CLANG_WARN_QUOTED_INCLUDE_IN_FRAMEWORK_HEADER = YES;
				CLANG_WARN_RANGE_LOOP_ANALYSIS = YES;
				CLANG_WARN_STRICT_PROTOTYPES = YES;
				CLANG_WARN_SUSPICIOUS_MOVE = YES;
				CLANG_WARN_UNGUARDED_AVAILABILITY = YES_AGGRESSIVE;
				CLANG_WARN_UNREACHABLE_CODE = YES;
				CLANG_WARN__DUPLICATE_METHOD_MATCH = YES;
				COPY_PHASE_STRIP = NO;
				DEBUG_INFORMATION_FORMAT = "dwarf-with-dsym";
				ENABLE_NS_ASSERTIONS = NO;
				ENABLE_STRICT_OBJC_MSGSEND = YES;
				ENABLE_USER_SCRIPT_SANDBOXING = YES;
				GCC_C_LANGUAGE_STANDARD = gnu17;
				GCC_NO_COMMON_BLOCKS = YES;
				GCC_WARN_64_TO_32_BIT_CONVERSION = YES;
				GCC_WARN_ABOUT_RETURN_TYPE = YES_ERROR;
				GCC_WARN_UNDECLARED_SELECTOR = YES;
				GCC_WARN_UNINITIALIZED_AUTOS = YES_AGGRESSIVE;
				GCC_WARN_UNUSED_FUNCTION = YES;
				GCC_WARN_UNUSED_VARIABLE = YES;
				IPHONEOS_DEPLOYMENT_TARGET = 17.2;
				LOCALIZATION_PREFERS_STRING_CATALOGS = YES;
				MTL_ENABLE_DEBUG_INFO = NO;
				MTL_FAST_MATH = YES;
				SDKROOT = iphoneos;
				SWIFT_COMPILATION_MODE = wholemodule;
				VALIDATE_PRODUCT = YES;
			};
			name = Release;
		};
		67CD8D802BD7E8400088BF6D /* Debug */ = {
			isa = XCBuildConfiguration;
			buildSettings = {
				ASSETCATALOG_COMPILER_APPICON_NAME = AppIcon;
				ASSETCATALOG_COMPILER_GLOBAL_ACCENT_COLOR_NAME = AccentColor;
				CODE_SIGN_STYLE = Automatic;
				CURRENT_PROJECT_VERSION = 1;
				DEVELOPMENT_ASSET_PATHS = "\"Prueba/Preview Content\"";
				ENABLE_PREVIEWS = YES;
				GENERATE_INFOPLIST_FILE = YES;
				INFOPLIST_KEY_UIApplicationSceneManifest_Generation = YES;
				INFOPLIST_KEY_UIApplicationSupportsIndirectInputEvents = YES;
				INFOPLIST_KEY_UILaunchScreen_Generation = YES;
				INFOPLIST_KEY_UISupportedInterfaceOrientations_iPad = "UIInterfaceOrientationPortrait UIInterfaceOrientationPortraitUpsideDown UIInterfaceOrientationLandscapeLeft UIInterfaceOrientationLandscapeRight";
				INFOPLIST_KEY_UISupportedInterfaceOrientations_iPhone = "UIInterfaceOrientationPortrait UIInterfaceOrientationLandscapeLeft UIInterfaceOrientationLandscapeRight";
				LD_RUNPATH_SEARCH_PATHS = (
					"$(inherited)",
					"@executable_path/Frameworks",
				);
				MARKETING_VERSION = 1.0;
				PRODUCT_BUNDLE_IDENTIFIER = Cabral.Prueba;
				PRODUCT_NAME = "$(TARGET_NAME)";
				SWIFT_EMIT_LOC_STRINGS = YES;
				SWIFT_VERSION = 5.0;
				TARGETED_DEVICE_FAMILY = "1,2";
			};
			name = Debug;
		};
		67CD8D812BD7E8400088BF6D /* Release */ = {
			isa = XCBuildConfiguration;
			buildSettings = {
				ASSETCATALOG_COMPILER_APPICON_NAME = AppIcon;
				ASSETCATALOG_COMPILER_GLOBAL_ACCENT_COLOR_NAME = AccentColor;
				CODE_SIGN_STYLE = Automatic;
				CURRENT_PROJECT_VERSION = 1;
				DEVELOPMENT_ASSET_PATHS = "\"Prueba/Preview Content\"";
				ENABLE_PREVIEWS = YES;
				GENERATE_INFOPLIST_FILE = YES;
				INFOPLIST_KEY_UIApplicationSceneManifest_Generation = YES;
				INFOPLIST_KEY_UIApplicationSupportsIndirectInputEvents = YES;
				INFOPLIST_KEY_UILaunchScreen_Generation = YES;
				INFOPLIST_KEY_UISupportedInterfaceOrientations_iPad = "UIInterfaceOrientationPortrait UIInterfaceOrientationPortraitUpsideDown UIInterfaceOrientationLandscapeLeft UIInterfaceOrientationLandscapeRight";
				INFOPLIST_KEY_UISupportedInterfaceOrientations_iPhone = "UIInterfaceOrientationPortrait UIInterfaceOrientationLandscapeLeft UIInterfaceOrientationLandscapeRight";
				LD_RUNPATH_SEARCH_PATHS = (
					"$(inherited)",
					"@executable_path/Frameworks",
				);
				MARKETING_VERSION = 1.0;
				PRODUCT_BUNDLE_IDENTIFIER = Cabral.Prueba;
				PRODUCT_NAME = "$(TARGET_NAME)";
				SWIFT_EMIT_LOC_STRINGS = YES;
				SWIFT_VERSION = 5.0;
				TARGETED_DEVICE_FAMILY = "1,2";
			};
			name = Release;
		};
		67CD8D832BD7E8400088BF6D /* Debug */ = {
			isa = XCBuildConfiguration;
			buildSettings = {
				ALWAYS_EMBED_SWIFT_STANDARD_LIBRARIES = YES;
				BUNDLE_LOADER = "$(TEST_HOST)";
				CODE_SIGN_STYLE = Automatic;
				CURRENT_PROJECT_VERSION = 1;
				GENERATE_INFOPLIST_FILE = YES;
				IPHONEOS_DEPLOYMENT_TARGET = 17.2;
				MARKETING_VERSION = 1.0;
				PRODUCT_BUNDLE_IDENTIFIER = Cabral.PruebaTests;
				PRODUCT_NAME = "$(TARGET_NAME)";
				SWIFT_EMIT_LOC_STRINGS = NO;
				SWIFT_VERSION = 5.0;
				TARGETED_DEVICE_FAMILY = "1,2";
				TEST_HOST = "$(BUILT_PRODUCTS_DIR)/Prueba.app/$(BUNDLE_EXECUTABLE_FOLDER_PATH)/Prueba";
			};
			name = Debug;
		};
		67CD8D842BD7E8400088BF6D /* Release */ = {
			isa = XCBuildConfiguration;
			buildSettings = {
				ALWAYS_EMBED_SWIFT_STANDARD_LIBRARIES = YES;
				BUNDLE_LOADER = "$(TEST_HOST)";
				CODE_SIGN_STYLE = Automatic;
				CURRENT_PROJECT_VERSION = 1;
				GENERATE_INFOPLIST_FILE = YES;
				IPHONEOS_DEPLOYMENT_TARGET = 17.2;
				MARKETING_VERSION = 1.0;
				PRODUCT_BUNDLE_IDENTIFIER = Cabral.PruebaTests;
				PRODUCT_NAME = "$(TARGET_NAME)";
				SWIFT_EMIT_LOC_STRINGS = NO;
				SWIFT_VERSION = 5.0;
				TARGETED_DEVICE_FAMILY = "1,2";
				TEST_HOST = "$(BUILT_PRODUCTS_DIR)/Prueba.app/$(BUNDLE_EXECUTABLE_FOLDER_PATH)/Prueba";
			};
			name = Release;
		};
		67CD8D862BD7E8400088BF6D /* Debug */ = {
			isa = XCBuildConfiguration;
			buildSettings = {
				ALWAYS_EMBED_SWIFT_STANDARD_LIBRARIES = YES;
				CODE_SIGN_STYLE = Automatic;
				CURRENT_PROJECT_VERSION = 1;
				GENERATE_INFOPLIST_FILE = YES;
				MARKETING_VERSION = 1.0;
				PRODUCT_BUNDLE_IDENTIFIER = Cabral.PruebaUITests;
				PRODUCT_NAME = "$(TARGET_NAME)";
				SWIFT_EMIT_LOC_STRINGS = NO;
				SWIFT_VERSION = 5.0;
				TARGETED_DEVICE_FAMILY = "1,2";
				TEST_TARGET_NAME = Prueba;
			};
			name = Debug;
		};
		67CD8D872BD7E8400088BF6D /* Release */ = {
			isa = XCBuildConfiguration;
			buildSettings = {
				ALWAYS_EMBED_SWIFT_STANDARD_LIBRARIES = YES;
				CODE_SIGN_STYLE = Automatic;
				CURRENT_PROJECT_VERSION = 1;
				GENERATE_INFOPLIST_FILE = YES;
				MARKETING_VERSION = 1.0;
				PRODUCT_BUNDLE_IDENTIFIER = Cabral.PruebaUITests;
				PRODUCT_NAME = "$(TARGET_NAME)";
				SWIFT_EMIT_LOC_STRINGS = NO;
				SWIFT_VERSION = 5.0;
				TARGETED_DEVICE_FAMILY = "1,2";
				TEST_TARGET_NAME = Prueba;
			};
			name = Release;
		};
/* End XCBuildConfiguration section */

/* Begin XCConfigurationList section */
		67CD8D562BD7E83E0088BF6D /* Build configuration list for PBXProject "Prueba" */ = {
			isa = XCConfigurationList;
			buildConfigurations = (
				67CD8D7D2BD7E8400088BF6D /* Debug */,
				67CD8D7E2BD7E8400088BF6D /* Release */,
			);
			defaultConfigurationIsVisible = 0;
			defaultConfigurationName = Release;
		};
		67CD8D7F2BD7E8400088BF6D /* Build configuration list for PBXNativeTarget "Prueba" */ = {
			isa = XCConfigurationList;
			buildConfigurations = (
				67CD8D802BD7E8400088BF6D /* Debug */,
				67CD8D812BD7E8400088BF6D /* Release */,
			);
			defaultConfigurationIsVisible = 0;
			defaultConfigurationName = Release;
		};
		67CD8D822BD7E8400088BF6D /* Build configuration list for PBXNativeTarget "PruebaTests" */ = {
			isa = XCConfigurationList;
			buildConfigurations = (
				67CD8D832BD7E8400088BF6D /* Debug */,
				67CD8D842BD7E8400088BF6D /* Release */,
			);
			defaultConfigurationIsVisible = 0;
			defaultConfigurationName = Release;
		};
		67CD8D852BD7E8400088BF6D /* Build configuration list for PBXNativeTarget "PruebaUITests" */ = {
			isa = XCConfigurationList;
			buildConfigurations = (
				67CD8D862BD7E8400088BF6D /* Debug */,
				67CD8D872BD7E8400088BF6D /* Release */,
			);
			defaultConfigurationIsVisible = 0;
			defaultConfigurationName = Release;
		};
/* End XCConfigurationList section */
	};
	rootObject = 67CD8D532BD7E83E0088BF6D /* Project object */;
}
